PODS:
  - boost-for-react-native (1.63.0)
  - DoubleConversion (1.1.6)
  - FBLazyVector (0.62.28)
  - FBReactNativeSpec (0.62.28):
    - RCT-Folly (= 2018.10.22.00)
    - RCTRequired (= 0.62.28)
    - RCTTypeSafety (= 0.62.28)
    - React-Core (= 0.62.28)
    - React-jsi (= 0.62.28)
    - ReactCommon/turbomodule/core (= 0.62.28)
  - glog (0.3.5)
  - RCT-Folly (2018.10.22.00):
    - boost-for-react-native
    - DoubleConversion
    - glog
    - RCT-Folly/Default (= 2018.10.22.00)
  - RCT-Folly/Default (2018.10.22.00):
    - boost-for-react-native
    - DoubleConversion
    - glog
  - RCTRequired (0.62.28)
  - RCTTypeSafety (0.62.28):
    - FBLazyVector (= 0.62.28)
    - RCT-Folly (= 2018.10.22.00)
    - RCTRequired (= 0.62.28)
    - React-Core (= 0.62.28)
  - React (0.62.28):
    - React-Core (= 0.62.28)
    - React-Core/DevSupport (= 0.62.28)
    - React-Core/RCTWebSocket (= 0.62.28)
    - React-RCTActionSheet (= 0.62.28)
    - React-RCTAnimation (= 0.62.28)
    - React-RCTBlob (= 0.62.28)
    - React-RCTImage (= 0.62.28)
    - React-RCTLinking (= 0.62.28)
    - React-RCTNetwork (= 0.62.28)
    - React-RCTSettings (= 0.62.28)
    - React-RCTText (= 0.62.28)
    - React-RCTVibration (= 0.62.28)
  - React-Core (0.62.28):
    - glog
    - RCT-Folly (= 2018.10.22.00)
    - React-Core/Default (= 0.62.28)
    - React-cxxreact (= 0.62.28)
    - React-jsi (= 0.62.28)
    - React-jsiexecutor (= 0.62.28)
    - Yoga
  - React-Core/CoreModulesHeaders (0.62.28):
    - glog
    - RCT-Folly (= 2018.10.22.00)
    - React-Core/Default
    - React-cxxreact (= 0.62.28)
    - React-jsi (= 0.62.28)
    - React-jsiexecutor (= 0.62.28)
    - Yoga
  - React-Core/Default (0.62.28):
    - glog
    - RCT-Folly (= 2018.10.22.00)
    - React-cxxreact (= 0.62.28)
    - React-jsi (= 0.62.28)
    - React-jsiexecutor (= 0.62.28)
    - Yoga
  - React-Core/DevSupport (0.62.28):
    - glog
    - RCT-Folly (= 2018.10.22.00)
    - React-Core/Default (= 0.62.28)
    - React-Core/RCTWebSocket (= 0.62.28)
    - React-cxxreact (= 0.62.28)
    - React-jsi (= 0.62.28)
    - React-jsiexecutor (= 0.62.28)
    - React-jsinspector (= 0.62.28)
    - Yoga
  - React-Core/RCTActionSheetHeaders (0.62.28):
    - glog
    - RCT-Folly (= 2018.10.22.00)
    - React-Core/Default
    - React-cxxreact (= 0.62.28)
    - React-jsi (= 0.62.28)
    - React-jsiexecutor (= 0.62.28)
    - Yoga
  - React-Core/RCTAnimationHeaders (0.62.28):
    - glog
    - RCT-Folly (= 2018.10.22.00)
    - React-Core/Default
    - React-cxxreact (= 0.62.28)
    - React-jsi (= 0.62.28)
    - React-jsiexecutor (= 0.62.28)
    - Yoga
  - React-Core/RCTBlobHeaders (0.62.28):
    - glog
    - RCT-Folly (= 2018.10.22.00)
    - React-Core/Default
    - React-cxxreact (= 0.62.28)
    - React-jsi (= 0.62.28)
    - React-jsiexecutor (= 0.62.28)
    - Yoga
  - React-Core/RCTImageHeaders (0.62.28):
    - glog
    - RCT-Folly (= 2018.10.22.00)
    - React-Core/Default
    - React-cxxreact (= 0.62.28)
    - React-jsi (= 0.62.28)
    - React-jsiexecutor (= 0.62.28)
    - Yoga
  - React-Core/RCTLinkingHeaders (0.62.28):
    - glog
    - RCT-Folly (= 2018.10.22.00)
    - React-Core/Default
    - React-cxxreact (= 0.62.28)
    - React-jsi (= 0.62.28)
    - React-jsiexecutor (= 0.62.28)
    - Yoga
  - React-Core/RCTNetworkHeaders (0.62.28):
    - glog
    - RCT-Folly (= 2018.10.22.00)
    - React-Core/Default
    - React-cxxreact (= 0.62.28)
    - React-jsi (= 0.62.28)
    - React-jsiexecutor (= 0.62.28)
    - Yoga
  - React-Core/RCTSettingsHeaders (0.62.28):
    - glog
    - RCT-Folly (= 2018.10.22.00)
    - React-Core/Default
    - React-cxxreact (= 0.62.28)
    - React-jsi (= 0.62.28)
    - React-jsiexecutor (= 0.62.28)
    - Yoga
  - React-Core/RCTTextHeaders (0.62.28):
    - glog
    - RCT-Folly (= 2018.10.22.00)
    - React-Core/Default
    - React-cxxreact (= 0.62.28)
    - React-jsi (= 0.62.28)
    - React-jsiexecutor (= 0.62.28)
    - Yoga
  - React-Core/RCTVibrationHeaders (0.62.28):
    - glog
    - RCT-Folly (= 2018.10.22.00)
    - React-Core/Default
    - React-cxxreact (= 0.62.28)
    - React-jsi (= 0.62.28)
    - React-jsiexecutor (= 0.62.28)
    - Yoga
  - React-Core/RCTWebSocket (0.62.28):
    - glog
    - RCT-Folly (= 2018.10.22.00)
    - React-Core/Default (= 0.62.28)
    - React-cxxreact (= 0.62.28)
    - React-jsi (= 0.62.28)
    - React-jsiexecutor (= 0.62.28)
    - Yoga
  - React-CoreModules (0.62.28):
    - FBReactNativeSpec (= 0.62.28)
    - RCT-Folly (= 2018.10.22.00)
    - RCTTypeSafety (= 0.62.28)
    - React-Core/CoreModulesHeaders (= 0.62.28)
    - React-RCTImage (= 0.62.28)
    - ReactCommon/turbomodule/core (= 0.62.28)
  - React-cxxreact (0.62.28):
    - boost-for-react-native (= 1.63.0)
    - DoubleConversion
    - glog
    - RCT-Folly (= 2018.10.22.00)
    - React-jsinspector (= 0.62.28)
  - React-jsi (0.62.28):
    - boost-for-react-native (= 1.63.0)
    - DoubleConversion
    - glog
    - RCT-Folly (= 2018.10.22.00)
    - React-jsi/Default (= 0.62.28)
  - React-jsi/Default (0.62.28):
    - boost-for-react-native (= 1.63.0)
    - DoubleConversion
    - glog
    - RCT-Folly (= 2018.10.22.00)
  - React-jsiexecutor (0.62.28):
    - DoubleConversion
    - glog
    - RCT-Folly (= 2018.10.22.00)
    - React-cxxreact (= 0.62.28)
    - React-jsi (= 0.62.28)
  - React-jsinspector (0.62.28)
  - React-RCTActionSheet (0.62.28):
    - React-Core/RCTActionSheetHeaders (= 0.62.28)
  - React-RCTAnimation (0.62.28):
    - FBReactNativeSpec (= 0.62.28)
    - RCT-Folly (= 2018.10.22.00)
    - RCTTypeSafety (= 0.62.28)
    - React-Core/RCTAnimationHeaders (= 0.62.28)
    - ReactCommon/turbomodule/core (= 0.62.28)
  - React-RCTBlob (0.62.28):
    - FBReactNativeSpec (= 0.62.28)
    - RCT-Folly (= 2018.10.22.00)
    - React-Core/RCTBlobHeaders (= 0.62.28)
    - React-Core/RCTWebSocket (= 0.62.28)
    - React-jsi (= 0.62.28)
    - React-RCTNetwork (= 0.62.28)
    - ReactCommon/turbomodule/core (= 0.62.28)
  - React-RCTImage (0.62.28):
    - FBReactNativeSpec (= 0.62.28)
    - RCT-Folly (= 2018.10.22.00)
    - RCTTypeSafety (= 0.62.28)
    - React-Core/RCTImageHeaders (= 0.62.28)
    - React-RCTNetwork (= 0.62.28)
    - ReactCommon/turbomodule/core (= 0.62.28)
  - React-RCTLinking (0.62.28):
    - FBReactNativeSpec (= 0.62.28)
    - React-Core/RCTLinkingHeaders (= 0.62.28)
    - ReactCommon/turbomodule/core (= 0.62.28)
  - React-RCTNetwork (0.62.28):
    - FBReactNativeSpec (= 0.62.28)
    - RCT-Folly (= 2018.10.22.00)
    - RCTTypeSafety (= 0.62.28)
    - React-Core/RCTNetworkHeaders (= 0.62.28)
    - ReactCommon/turbomodule/core (= 0.62.28)
  - React-RCTSettings (0.62.28):
    - FBReactNativeSpec (= 0.62.28)
    - RCT-Folly (= 2018.10.22.00)
    - RCTTypeSafety (= 0.62.28)
    - React-Core/RCTSettingsHeaders (= 0.62.28)
    - ReactCommon/turbomodule/core (= 0.62.28)
  - React-RCTText (0.62.28):
    - React-Core/RCTTextHeaders (= 0.62.28)
  - React-RCTVibration (0.62.28):
    - FBReactNativeSpec (= 0.62.28)
    - RCT-Folly (= 2018.10.22.00)
    - React-Core/RCTVibrationHeaders (= 0.62.28)
    - ReactCommon/turbomodule/core (= 0.62.28)
  - ReactCommon/callinvoker (0.62.28):
    - DoubleConversion
    - glog
    - RCT-Folly (= 2018.10.22.00)
    - React-cxxreact (= 0.62.28)
  - ReactCommon/turbomodule/core (0.62.28):
    - DoubleConversion
    - glog
    - RCT-Folly (= 2018.10.22.00)
    - React-Core (= 0.62.28)
    - React-cxxreact (= 0.62.28)
    - React-jsi (= 0.62.28)
    - ReactCommon/callinvoker (= 0.62.28)
  - RNFS (2.16.6):
    - React
  - Yoga (1.14.0)

DEPENDENCIES:
  - boost-for-react-native (from `../node_modules/react-native-macos/third-party-podspecs/boost-for-react-native.podspec`)
  - DoubleConversion (from `../node_modules/react-native-macos/third-party-podspecs/DoubleConversion.podspec`)
  - FBLazyVector (from `../node_modules/react-native-macos/Libraries/FBLazyVector`)
  - FBReactNativeSpec (from `../node_modules/react-native-macos/Libraries/FBReactNativeSpec`)
  - glog (from `../node_modules/react-native-macos/third-party-podspecs/glog.podspec`)
  - RCT-Folly (from `../node_modules/react-native-macos/third-party-podspecs/RCT-Folly.podspec`)
  - RCTRequired (from `../node_modules/react-native-macos/Libraries/RCTRequired`)
  - RCTTypeSafety (from `../node_modules/react-native-macos/Libraries/TypeSafety`)
  - React (from `../node_modules/react-native-macos/`)
  - React-Core (from `../node_modules/react-native-macos/`)
  - React-Core/DevSupport (from `../node_modules/react-native-macos/`)
  - React-Core/RCTWebSocket (from `../node_modules/react-native-macos/`)
  - React-CoreModules (from `../node_modules/react-native-macos/React/CoreModules`)
  - React-cxxreact (from `../node_modules/react-native-macos/ReactCommon/cxxreact`)
  - React-jsi (from `../node_modules/react-native-macos/ReactCommon/jsi`)
  - React-jsiexecutor (from `../node_modules/react-native-macos/ReactCommon/jsiexecutor`)
  - React-jsinspector (from `../node_modules/react-native-macos/ReactCommon/jsinspector`)
  - React-RCTActionSheet (from `../node_modules/react-native-macos/Libraries/ActionSheetIOS`)
  - React-RCTAnimation (from `../node_modules/react-native-macos/Libraries/NativeAnimation`)
  - React-RCTBlob (from `../node_modules/react-native-macos/Libraries/Blob`)
  - React-RCTImage (from `../node_modules/react-native-macos/Libraries/Image`)
  - React-RCTLinking (from `../node_modules/react-native-macos/Libraries/LinkingIOS`)
  - React-RCTNetwork (from `../node_modules/react-native-macos/Libraries/Network`)
  - React-RCTSettings (from `../node_modules/react-native-macos/Libraries/Settings`)
  - React-RCTText (from `../node_modules/react-native-macos/Libraries/Text`)
  - React-RCTVibration (from `../node_modules/react-native-macos/Libraries/Vibration`)
  - ReactCommon/callinvoker (from `../node_modules/react-native-macos/ReactCommon`)
  - ReactCommon/turbomodule/core (from `../node_modules/react-native-macos/ReactCommon`)
  - RNFS (from `../node_modules/react-native-fs`)
  - Yoga (from `../node_modules/react-native-macos/ReactCommon/yoga`)

EXTERNAL SOURCES:
  boost-for-react-native:
    :podspec: "../node_modules/react-native-macos/third-party-podspecs/boost-for-react-native.podspec"
  DoubleConversion:
    :podspec: "../node_modules/react-native-macos/third-party-podspecs/DoubleConversion.podspec"
  FBLazyVector:
    :path: "../node_modules/react-native-macos/Libraries/FBLazyVector"
  FBReactNativeSpec:
    :path: "../node_modules/react-native-macos/Libraries/FBReactNativeSpec"
  glog:
    :podspec: "../node_modules/react-native-macos/third-party-podspecs/glog.podspec"
  RCT-Folly:
    :podspec: "../node_modules/react-native-macos/third-party-podspecs/RCT-Folly.podspec"
  RCTRequired:
    :path: "../node_modules/react-native-macos/Libraries/RCTRequired"
  RCTTypeSafety:
    :path: "../node_modules/react-native-macos/Libraries/TypeSafety"
  React:
    :path: "../node_modules/react-native-macos/"
  React-Core:
    :path: "../node_modules/react-native-macos/"
  React-CoreModules:
    :path: "../node_modules/react-native-macos/React/CoreModules"
  React-cxxreact:
    :path: "../node_modules/react-native-macos/ReactCommon/cxxreact"
  React-jsi:
    :path: "../node_modules/react-native-macos/ReactCommon/jsi"
  React-jsiexecutor:
    :path: "../node_modules/react-native-macos/ReactCommon/jsiexecutor"
  React-jsinspector:
    :path: "../node_modules/react-native-macos/ReactCommon/jsinspector"
  React-RCTActionSheet:
    :path: "../node_modules/react-native-macos/Libraries/ActionSheetIOS"
  React-RCTAnimation:
    :path: "../node_modules/react-native-macos/Libraries/NativeAnimation"
  React-RCTBlob:
    :path: "../node_modules/react-native-macos/Libraries/Blob"
  React-RCTImage:
    :path: "../node_modules/react-native-macos/Libraries/Image"
  React-RCTLinking:
    :path: "../node_modules/react-native-macos/Libraries/LinkingIOS"
  React-RCTNetwork:
    :path: "../node_modules/react-native-macos/Libraries/Network"
  React-RCTSettings:
    :path: "../node_modules/react-native-macos/Libraries/Settings"
  React-RCTText:
    :path: "../node_modules/react-native-macos/Libraries/Text"
  React-RCTVibration:
    :path: "../node_modules/react-native-macos/Libraries/Vibration"
  ReactCommon:
    :path: "../node_modules/react-native-macos/ReactCommon"
  RNFS:
    :path: "../node_modules/react-native-fs"
  Yoga:
    :path: "../node_modules/react-native-macos/ReactCommon/yoga"

SPEC CHECKSUMS:
  boost-for-react-native: dabda8622e76020607c2ae1e65cc0cda8b61479d
  DoubleConversion: 681b789128e5512811c81706e9b361209f40d21e
  FBLazyVector: 9090471c340696814d40c4023e4939bba29e44a2
  FBReactNativeSpec: 197f0cb9f218a7c5b1af003f527b8fac0552de0d
  glog: d86cb3634e15ec6d8cd9a1c7c1b9d6fa295beb37
  RCT-Folly: 71ece0166f9c96c1ec9279eeb0317baf533c020f
  RCTRequired: 5375d03104dc4348c83f0926416d45bbb982038a
  RCTTypeSafety: 2d76117556dda74bc0b3985c25f6af68c42b5e51
  React: 4440f35d62223bf66f3d077338c65172e4425e72
  React-Core: 03ec39f8aeded65c8552d6726b10473d60a51fc7
  React-CoreModules: 7105c5d55f4e0df4c74ab650f5523baf2ed39f31
  React-cxxreact: ec586dee9cb8f2fb4ef649e45e725021e884ec14
  React-jsi: 6f359ad91fac82de34641ca361195ddbf194c913
  React-jsiexecutor: 6898827f1534889707875434db52514f672c8ea1
  React-jsinspector: 083b04282471b213dfba4b83df688c11203bf2b3
  React-RCTActionSheet: 56856b3630183abb2a12d5a82a9725c292344617
  React-RCTAnimation: 15a9f20318e25e9fa308389efcbb6e58d00662f4
  React-RCTBlob: 31f83d93dea15beb6525c71fe86398a2ef8807f5
  React-RCTImage: a796903694fbc8424f7bf955a6485855ec98cd88
  React-RCTLinking: dd93c244f9bb1d01eb1cc4762e3ddce3b62cd113
  React-RCTNetwork: 884d5e412dfabbbf22dc96d272c66d97d6d970d4
  React-RCTSettings: b3d1c238fa950750b669850e470dd574226d485e
  React-RCTText: 1387f1f4f4811b5191043e2355859dacde1786f0
  React-RCTVibration: 517e56055db42dc1e241b78c114d04f1f117d606
  ReactCommon: e9b7a3230cecc41f7b49645411689d098437184e
  RNFS: 402f6e6132a212e464a3056de6e14a6121f3f855
  Yoga: 4bc689a6a213e4d0399d14c13725e72ee69af137

PODFILE CHECKSUM: 20e60e2d9e2f3a21f4d497fa939d238f33f06aef

COCOAPODS: 1.9.3
